
Microsoft Visual Studio Solution File, Format Version 12.00
# Visual Studio Version 16
VisualStudioVersion = 16.6.30114.105
MinimumVisualStudioVersion = 10.0.40219.1
Project("{2150E333-8FDC-42A3-9474-1A3956D46DE8}") = "BackgroundService", "BackgroundService", "{CA99142C-8BDF-4D7E-A1DB-3041AFA7EFAF}"
EndProject
Project("{9A19103F-16F7-4668-BE54-9A1E7A4F7556}") = "LinkLookupBackgroundService", "LinkLookupBackgroundService\LinkLookupBackgroundService.csproj", "{9C460368-EA9D-4F42-85D4-41F68601EE45}"
EndProject
Project("{2150E333-8FDC-42A3-9474-1A3956D46DE8}") = "Utils", "Utils", "{973166D4-C1DB-4F7D-BB24-D8A31805DA66}"
EndProject
Project("{9A19103F-16F7-4668-BE54-9A1E7A4F7556}") = "CommonUtils", "CommonUtils\CommonUtils.csproj", "{939F5710-F653-41E5-A058-4452EF4CC22F}"
EndProject
Project("{2150E333-8FDC-42A3-9474-1A3956D46DE8}") = "WebApi", "WebApi", "{C95D2451-CC66-4B25-8FE3-4FD8E2DCE2FB}"
EndProject
Project("{9A19103F-16F7-4668-BE54-9A1E7A4F7556}") = "LinkLookupSubscriptionApi", "LinkLookupSubscriptionApi\LinkLookupSubscriptionApi.csproj", "{C59CFB80-978E-4FBA-9709-DD5631A192DF}"
EndProject
Project("{9A19103F-16F7-4668-BE54-9A1E7A4F7556}") = "MessageSender", "MessageSender\MessageSender.csproj", "{9232797E-989C-49D4-ACD3-03894E9FECBC}"
EndProject
Project("{9A19103F-16F7-4668-BE54-9A1E7A4F7556}") = "CommonUtils.Tests", "CommonUtils.Tests\CommonUtils.Tests.csproj", "{BBBD0CCC-AFE2-4A81-82E3-0FF1CBE5CE85}"
EndProject
Project("{2150E333-8FDC-42A3-9474-1A3956D46DE8}") = "Utils.Tests", "Utils.Tests", "{637B7BBF-EEC0-4A1F-8043-4CCBB21B8AC2}"
EndProject
Project("{2150E333-8FDC-42A3-9474-1A3956D46DE8}") = "BusinessLogic", "BusinessLogic", "{769D0EDF-C82D-43F4-BA77-DDD0B4EA006F}"
EndProject
Project("{9A19103F-16F7-4668-BE54-9A1E7A4F7556}") = "DomainEntities", "DomainEntities\DomainEntities.csproj", "{5EF97F8E-0115-409D-9D0F-290A472E9B66}"
EndProject
Project("{9A19103F-16F7-4668-BE54-9A1E7A4F7556}") = "NotifyMeUserInterface", "NotifyMeUserInterface\NotifyMeUserInterface.csproj", "{383021A6-9705-42DD-961A-73295251E721}"
EndProject
Project("{2150E333-8FDC-42A3-9474-1A3956D46DE8}") = "UserInterface", "UserInterface", "{682E0495-9517-4A2B-BB19-6BAA4D1401EF}"
EndProject
Global
	GlobalSection(SolutionConfigurationPlatforms) = preSolution
		Debug|Any CPU = Debug|Any CPU
		Debug|x64 = Debug|x64
		Debug|x86 = Debug|x86
		Release|Any CPU = Release|Any CPU
		Release|x64 = Release|x64
		Release|x86 = Release|x86
	EndGlobalSection
	GlobalSection(ProjectConfigurationPlatforms) = postSolution
		{9C460368-EA9D-4F42-85D4-41F68601EE45}.Debug|Any CPU.ActiveCfg = Debug|Any CPU
		{9C460368-EA9D-4F42-85D4-41F68601EE45}.Debug|Any CPU.Build.0 = Debug|Any CPU
		{9C460368-EA9D-4F42-85D4-41F68601EE45}.Debug|x64.ActiveCfg = Debug|Any CPU
		{9C460368-EA9D-4F42-85D4-41F68601EE45}.Debug|x64.Build.0 = Debug|Any CPU
		{9C460368-EA9D-4F42-85D4-41F68601EE45}.Debug|x86.ActiveCfg = Debug|Any CPU
		{9C460368-EA9D-4F42-85D4-41F68601EE45}.Debug|x86.Build.0 = Debug|Any CPU
		{9C460368-EA9D-4F42-85D4-41F68601EE45}.Release|Any CPU.ActiveCfg = Release|Any CPU
		{9C460368-EA9D-4F42-85D4-41F68601EE45}.Release|Any CPU.Build.0 = Release|Any CPU
		{9C460368-EA9D-4F42-85D4-41F68601EE45}.Release|x64.ActiveCfg = Release|Any CPU
		{9C460368-EA9D-4F42-85D4-41F68601EE45}.Release|x64.Build.0 = Release|Any CPU
		{9C460368-EA9D-4F42-85D4-41F68601EE45}.Release|x86.ActiveCfg = Release|Any CPU
		{9C460368-EA9D-4F42-85D4-41F68601EE45}.Release|x86.Build.0 = Release|Any CPU
		{939F5710-F653-41E5-A058-4452EF4CC22F}.Debug|Any CPU.ActiveCfg = Debug|Any CPU
		{939F5710-F653-41E5-A058-4452EF4CC22F}.Debug|Any CPU.Build.0 = Debug|Any CPU
		{939F5710-F653-41E5-A058-4452EF4CC22F}.Debug|x64.ActiveCfg = Debug|Any CPU
		{939F5710-F653-41E5-A058-4452EF4CC22F}.Debug|x64.Build.0 = Debug|Any CPU
		{939F5710-F653-41E5-A058-4452EF4CC22F}.Debug|x86.ActiveCfg = Debug|Any CPU
		{939F5710-F653-41E5-A058-4452EF4CC22F}.Debug|x86.Build.0 = Debug|Any CPU
		{939F5710-F653-41E5-A058-4452EF4CC22F}.Release|Any CPU.ActiveCfg = Release|Any CPU
		{939F5710-F653-41E5-A058-4452EF4CC22F}.Release|Any CPU.Build.0 = Release|Any CPU
		{939F5710-F653-41E5-A058-4452EF4CC22F}.Release|x64.ActiveCfg = Release|Any CPU
		{939F5710-F653-41E5-A058-4452EF4CC22F}.Release|x64.Build.0 = Release|Any CPU
		{939F5710-F653-41E5-A058-4452EF4CC22F}.Release|x86.ActiveCfg = Release|Any CPU
		{939F5710-F653-41E5-A058-4452EF4CC22F}.Release|x86.Build.0 = Release|Any CPU
		{C59CFB80-978E-4FBA-9709-DD5631A192DF}.Debug|Any CPU.ActiveCfg = Debug|Any CPU
		{C59CFB80-978E-4FBA-9709-DD5631A192DF}.Debug|Any CPU.Build.0 = Debug|Any CPU
		{C59CFB80-978E-4FBA-9709-DD5631A192DF}.Debug|x64.ActiveCfg = Debug|Any CPU
		{C59CFB80-978E-4FBA-9709-DD5631A192DF}.Debug|x64.Build.0 = Debug|Any CPU
		{C59CFB80-978E-4FBA-9709-DD5631A192DF}.Debug|x86.ActiveCfg = Debug|Any CPU
		{C59CFB80-978E-4FBA-9709-DD5631A192DF}.Debug|x86.Build.0 = Debug|Any CPU
		{C59CFB80-978E-4FBA-9709-DD5631A192DF}.Release|Any CPU.ActiveCfg = Release|Any CPU
		{C59CFB80-978E-4FBA-9709-DD5631A192DF}.Release|Any CPU.Build.0 = Release|Any CPU
		{C59CFB80-978E-4FBA-9709-DD5631A192DF}.Release|x64.ActiveCfg = Release|Any CPU
		{C59CFB80-978E-4FBA-9709-DD5631A192DF}.Release|x64.Build.0 = Release|Any CPU
		{C59CFB80-978E-4FBA-9709-DD5631A192DF}.Release|x86.ActiveCfg = Release|Any CPU
		{C59CFB80-978E-4FBA-9709-DD5631A192DF}.Release|x86.Build.0 = Release|Any CPU
		{9232797E-989C-49D4-ACD3-03894E9FECBC}.Debug|Any CPU.ActiveCfg = Debug|Any CPU
		{9232797E-989C-49D4-ACD3-03894E9FECBC}.Debug|Any CPU.Build.0 = Debug|Any CPU
		{9232797E-989C-49D4-ACD3-03894E9FECBC}.Debug|x64.ActiveCfg = Debug|Any CPU
		{9232797E-989C-49D4-ACD3-03894E9FECBC}.Debug|x64.Build.0 = Debug|Any CPU
		{9232797E-989C-49D4-ACD3-03894E9FECBC}.Debug|x86.ActiveCfg = Debug|Any CPU
		{9232797E-989C-49D4-ACD3-03894E9FECBC}.Debug|x86.Build.0 = Debug|Any CPU
		{9232797E-989C-49D4-ACD3-03894E9FECBC}.Release|Any CPU.ActiveCfg = Release|Any CPU
		{9232797E-989C-49D4-ACD3-03894E9FECBC}.Release|Any CPU.Build.0 = Release|Any CPU
		{9232797E-989C-49D4-ACD3-03894E9FECBC}.Release|x64.ActiveCfg = Release|Any CPU
		{9232797E-989C-49D4-ACD3-03894E9FECBC}.Release|x64.Build.0 = Release|Any CPU
		{9232797E-989C-49D4-ACD3-03894E9FECBC}.Release|x86.ActiveCfg = Release|Any CPU
		{9232797E-989C-49D4-ACD3-03894E9FECBC}.Release|x86.Build.0 = Release|Any CPU
		{BBBD0CCC-AFE2-4A81-82E3-0FF1CBE5CE85}.Debug|Any CPU.ActiveCfg = Debug|Any CPU
		{BBBD0CCC-AFE2-4A81-82E3-0FF1CBE5CE85}.Debug|Any CPU.Build.0 = Debug|Any CPU
		{BBBD0CCC-AFE2-4A81-82E3-0FF1CBE5CE85}.Debug|x64.ActiveCfg = Debug|Any CPU
		{BBBD0CCC-AFE2-4A81-82E3-0FF1CBE5CE85}.Debug|x64.Build.0 = Debug|Any CPU
		{BBBD0CCC-AFE2-4A81-82E3-0FF1CBE5CE85}.Debug|x86.ActiveCfg = Debug|Any CPU
		{BBBD0CCC-AFE2-4A81-82E3-0FF1CBE5CE85}.Debug|x86.Build.0 = Debug|Any CPU
		{BBBD0CCC-AFE2-4A81-82E3-0FF1CBE5CE85}.Release|Any CPU.ActiveCfg = Release|Any CPU
		{BBBD0CCC-AFE2-4A81-82E3-0FF1CBE5CE85}.Release|Any CPU.Build.0 = Release|Any CPU
		{BBBD0CCC-AFE2-4A81-82E3-0FF1CBE5CE85}.Release|x64.ActiveCfg = Release|Any CPU
		{BBBD0CCC-AFE2-4A81-82E3-0FF1CBE5CE85}.Release|x64.Build.0 = Release|Any CPU
		{BBBD0CCC-AFE2-4A81-82E3-0FF1CBE5CE85}.Release|x86.ActiveCfg = Release|Any CPU
		{BBBD0CCC-AFE2-4A81-82E3-0FF1CBE5CE85}.Release|x86.Build.0 = Release|Any CPU
		{5EF97F8E-0115-409D-9D0F-290A472E9B66}.Debug|Any CPU.ActiveCfg = Debug|Any CPU
		{5EF97F8E-0115-409D-9D0F-290A472E9B66}.Debug|Any CPU.Build.0 = Debug|Any CPU
		{5EF97F8E-0115-409D-9D0F-290A472E9B66}.Debug|x64.ActiveCfg = Debug|Any CPU
		{5EF97F8E-0115-409D-9D0F-290A472E9B66}.Debug|x64.Build.0 = Debug|Any CPU
		{5EF97F8E-0115-409D-9D0F-290A472E9B66}.Debug|x86.ActiveCfg = Debug|Any CPU
		{5EF97F8E-0115-409D-9D0F-290A472E9B66}.Debug|x86.Build.0 = Debug|Any CPU
		{5EF97F8E-0115-409D-9D0F-290A472E9B66}.Release|Any CPU.ActiveCfg = Release|Any CPU
		{5EF97F8E-0115-409D-9D0F-290A472E9B66}.Release|Any CPU.Build.0 = Release|Any CPU
		{5EF97F8E-0115-409D-9D0F-290A472E9B66}.Release|x64.ActiveCfg = Release|Any CPU
		{5EF97F8E-0115-409D-9D0F-290A472E9B66}.Release|x64.Build.0 = Release|Any CPU
		{5EF97F8E-0115-409D-9D0F-290A472E9B66}.Release|x86.ActiveCfg = Release|Any CPU
		{5EF97F8E-0115-409D-9D0F-290A472E9B66}.Release|x86.Build.0 = Release|Any CPU
		{383021A6-9705-42DD-961A-73295251E721}.Debug|Any CPU.ActiveCfg = Debug|Any CPU
		{383021A6-9705-42DD-961A-73295251E721}.Debug|Any CPU.Build.0 = Debug|Any CPU
		{383021A6-9705-42DD-961A-73295251E721}.Debug|x64.ActiveCfg = Debug|Any CPU
		{383021A6-9705-42DD-961A-73295251E721}.Debug|x64.Build.0 = Debug|Any CPU
		{383021A6-9705-42DD-961A-73295251E721}.Debug|x86.ActiveCfg = Debug|Any CPU
		{383021A6-9705-42DD-961A-73295251E721}.Debug|x86.Build.0 = Debug|Any CPU
		{383021A6-9705-42DD-961A-73295251E721}.Release|Any CPU.ActiveCfg = Release|Any CPU
		{383021A6-9705-42DD-961A-73295251E721}.Release|Any CPU.Build.0 = Release|Any CPU
		{383021A6-9705-42DD-961A-73295251E721}.Release|x64.ActiveCfg = Release|Any CPU
		{383021A6-9705-42DD-961A-73295251E721}.Release|x64.Build.0 = Release|Any CPU
		{383021A6-9705-42DD-961A-73295251E721}.Release|x86.ActiveCfg = Release|Any CPU
		{383021A6-9705-42DD-961A-73295251E721}.Release|x86.Build.0 = Release|Any CPU
	EndGlobalSection
	GlobalSection(SolutionProperties) = preSolution
		HideSolutionNode = FALSE
	EndGlobalSection
	GlobalSection(NestedProjects) = preSolution
		{9C460368-EA9D-4F42-85D4-41F68601EE45} = {CA99142C-8BDF-4D7E-A1DB-3041AFA7EFAF}
		{939F5710-F653-41E5-A058-4452EF4CC22F} = {973166D4-C1DB-4F7D-BB24-D8A31805DA66}
		{C59CFB80-978E-4FBA-9709-DD5631A192DF} = {C95D2451-CC66-4B25-8FE3-4FD8E2DCE2FB}
		{9232797E-989C-49D4-ACD3-03894E9FECBC} = {973166D4-C1DB-4F7D-BB24-D8A31805DA66}
		{BBBD0CCC-AFE2-4A81-82E3-0FF1CBE5CE85} = {637B7BBF-EEC0-4A1F-8043-4CCBB21B8AC2}
		{5EF97F8E-0115-409D-9D0F-290A472E9B66} = {769D0EDF-C82D-43F4-BA77-DDD0B4EA006F}
		{383021A6-9705-42DD-961A-73295251E721} = {682E0495-9517-4A2B-BB19-6BAA4D1401EF}
	EndGlobalSection
	GlobalSection(ExtensibilityGlobals) = postSolution
		SolutionGuid = {AED5DD1A-AE39-4739-8183-69A3BC358277}
	EndGlobalSection
EndGlobal
